Microsoft Visual Studio Solution File, Format Version 12.00
# Visual Studio 2012
Project("{FAE04EC0-301F-11D3-BF4B-00C04F79EFBC}") = "Curves2", "Curves2.csproj", "{E437E19C-BD6C-470D-9E80-F90A207776C6}"
EndProject
Global
	GlobalSection(SolutionConfigurationPlatforms) = preSolution
	Debug|Any CPU = Debug|Any CPU
	ExportDebug|Any CPU = ExportDebug|Any CPU
	ExportRelease|Any CPU = ExportRelease|Any CPU
	EndGlobalSection
	GlobalSection(ProjectConfigurationPlatforms) = postSolution
		{E437E19C-BD6C-470D-9E80-F90A207776C6}.Debug|Any CPU.ActiveCfg = Debug|Any CPU
		{E437E19C-BD6C-470D-9E80-F90A207776C6}.Debug|Any CPU.Build.0 = Debug|Any CPU
		{E437E19C-BD6C-470D-9E80-F90A207776C6}.ExportDebug|Any CPU.ActiveCfg = ExportDebug|Any CPU
		{E437E19C-BD6C-470D-9E80-F90A207776C6}.ExportDebug|Any CPU.Build.0 = ExportDebug|Any CPU
		{E437E19C-BD6C-470D-9E80-F90A207776C6}.ExportRelease|Any CPU.ActiveCfg = ExportRelease|Any CPU
		{E437E19C-BD6C-470D-9E80-F90A207776C6}.ExportRelease|Any CPU.Build.0 = ExportRelease|Any CPU
	EndGlobalSection
EndGlobal
